// !$*UTF8*$!
{
	archiveVersion = 1;
	classes = {
	};
	objectVersion = 46;
	objects = {

/* Begin PBXBuildFile section */
		348F42061B3A8A3800ED017D /* main.m in Sources */ = {isa = PBXBuildFile; fileRef = 348F42051B3A8A3800ED017D /* main.m */; };
		348F42091B3A8A3800ED017D /* AppDelegate.m in Sources */ = {isa = PBXBuildFile; fileRef = 348F42081B3A8A3800ED017D /* AppDelegate.m */; };
		348F420B1B3A8A3800ED017D /* Images.xcassets in Resources */ = {isa = PBXBuildFile; fileRef = 348F420A1B3A8A3800ED017D /* Images.xcassets */; };
		348F420E1B3A8A3800ED017D /* LaunchScreen.xib in Resources */ = {isa = PBXBuildFile; fileRef = 348F420C1B3A8A3800ED017D /* LaunchScreen.xib */; };
		348F421A1B3A8A3800ED017D /* A__Tests.m in Sources */ = {isa = PBXBuildFile; fileRef = 348F42191B3A8A3800ED017D /* A__Tests.m */; };
/* End PBXBuildFile section */

/* Begin PBXContainerItemProxy section */
		348F42141B3A8A3800ED017D /* PBXContainerItemProxy */ = {
			isa = PBXContainerItemProxy;
			containerPortal = 348F41F81B3A8A3800ED017D /* Project object */;
			proxyType = 1;
			remoteGlobalIDString = 348F41FF1B3A8A3800ED017D;
			remoteInfo = "A项目";
		};
/* End PBXContainerItemProxy section */

/* Begin PBXFileReference section */
		348F42001B3A8A3800ED017D /* A项目.app */ = {isa = PBXFileReference; explicitFileType = wrapper.application; includeInIndex = 0; path = "A项目.app"; sourceTree = BUILT_PRODUCTS_DIR; };
		348F42041B3A8A3800ED017D /* Info.plist */ = {isa = PBXFileReference; lastKnownFileType = text.plist.xml; path = Info.plist; sourceTree = "<group>"; };
		348F42051B3A8A3800ED017D /* main.m */ = {isa = PBXFileReference; lastKnownFileType = sourcecode.c.objc; path = main.m; sourceTree = "<group>"; };
		348F42071B3A8A3800ED017D /* AppDelegate.h */ = {isa = PBXFileReference; lastKnownFileType = sourcecode.c.h; path = AppDelegate.h; sourceTree = "<group>"; };
		348F42081B3A8A3800ED017D /* AppDelegate.m */ = {isa = PBXFileReference; lastKnownFileType = sourcecode.c.objc; path = AppDelegate.m; sourceTree = "<group>"; };
		348F420A1B3A8A3800ED017D /* Images.xcassets */ = {isa = PBXFileReference; lastKnownFileType = folder.assetcatalog; path = Images.xcassets; sourceTree = "<group>"; };
		348F420D1B3A8A3800ED017D /* Base */ = {isa = PBXFileReference; lastKnownFileType = file.xib; name = Base; path = Base.lproj/LaunchScreen.xib; sourceTree = "<group>"; };
		348F42131B3A8A3800ED017D /* A项目Tests.xctest */ = {isa = PBXFileReference; explicitFileType = wrapper.cfbundle; includeInIndex = 0; path = "A项目Tests.xctest"; sourceTree = BUILT_PRODUCTS_DIR; };
		348F42181B3A8A3800ED017D /* Info.plist */ = {isa = PBXFileReference; lastKnownFileType = text.plist.xml; path = Info.plist; sourceTree = "<group>"; };
		348F42191B3A8A3800ED017D /* A__Tests.m */ = {isa = PBXFileReference; lastKnownFileType = sourcecode.c.objc; path = A__Tests.m; sourceTree = "<group>"; };
/* End PBXFileReference section */

/* Begin PBXFrameworksBuildPhase section */
		348F41FD1B3A8A3800ED017D /* Frameworks */ = {
			isa = PBXFrameworksBuildPhase;
			buildActionMask = 2147483647;
			files = (
			);
			runOnlyForDeploymentPostprocessing = 0;
		};
		348F42101B3A8A3800ED017D /* Frameworks */ = {
			isa = PBXFrameworksBuildPhase;
			buildActionMask = 2147483647;
			files = (
			);
			runOnlyForDeploymentPostprocessing = 0;
		};
/* End PBXFrameworksBuildPhase section */

/* Begin PBXGroup section */
		348F41F71B3A8A3800ED017D = {
			isa = PBXGroup;
			children = (
				348F42021B3A8A3800ED017D /* A项目 */,
				348F42161B3A8A3800ED017D /* A项目Tests */,
				348F42011B3A8A3800ED017D /* Products */,
			);
			sourceTree = "<group>";
		};
		348F42011B3A8A3800ED017D /* Products */ = {
			isa = PBXGroup;
			children = (
				348F42001B3A8A3800ED017D /* A项目.app */,
				348F42131B3A8A3800ED017D /* A项目Tests.xctest */,
			);
			name = Products;
			sourceTree = "<group>";
		};
		348F42021B3A8A3800ED017D /* A项目 */ = {
			isa = PBXGroup;
			children = (
				348F42071B3A8A3800ED017D /* AppDelegate.h */,
				348F42081B3A8A3800ED017D /* AppDelegate.m */,
				348F420A1B3A8A3800ED017D /* Images.xcassets */,
				348F420C1B3A8A3800ED017D /* LaunchScreen.xib */,
				348F42031B3A8A3800ED017D /* Supporting Files */,
			);
			path = "A项目";
			sourceTree = "<group>";
		};
		348F42031B3A8A3800ED017D /* Supporting Files */ = {
			isa = PBXGroup;
			children = (
				348F42041B3A8A3800ED017D /* Info.plist */,
				348F42051B3A8A3800ED017D /* main.m */,
			);
			name = "Supporting Files";
			sourceTree = "<group>";
		};
		348F42161B3A8A3800ED017D /* A项目Tests */ = {
			isa = PBXGroup;
			children = (
				348F42191B3A8A3800ED017D /* A__Tests.m */,
				348F42171B3A8A3800ED017D /* Supporting Files */,
			);
			path = "A项目Tests";
			sourceTree = "<group>";
		};
		348F42171B3A8A3800ED017D /* Supporting Files */ = {
			isa = PBXGroup;
			children = (
				348F42181B3A8A3800ED017D /* Info.plist */,
			);
			name = "Supporting Files";
			sourceTree = "<group>";
		};
/* End PBXGroup section */

/* Begin PBXNativeTarget section */
		348F41FF1B3A8A3800ED017D /* A项目 */ = {
			isa = PBXNativeTarget;
			buildConfigurationList = 348F421D1B3A8A3800ED017D /* Build configuration list for PBXNativeTarget "A项目" */;
			buildPhases = (
				348F41FC1B3A8A3800ED017D /* Sources */,
				348F41FD1B3A8A3800ED017D /* Frameworks */,
				348F41FE1B3A8A3800ED017D /* Resources */,
			);
			buildRules = (
			);
			dependencies = (
			);
			name = "A项目";
			productName = "A项目";
			productReference = 348F42001B3A8A3800ED017D /* A项目.app */;
			productType = "com.apple.product-type.application";
		};
		348F42121B3A8A3800ED017D /* A项目Tests */ = {
			isa = PBXNativeTarget;
			buildConfigurationList = 348F42201B3A8A3800ED017D /* Build configuration list for PBXNativeTarget "A项目Tests" */;
			buildPhases = (
				348F420F1B3A8A3800ED017D /* Sources */,
				348F42101B3A8A3800ED017D /* Frameworks */,
				348F42111B3A8A3800ED017D /* Resources */,
			);
			buildRules = (
			);
			dependencies = (
				348F42151B3A8A3800ED017D /* PBXTargetDependency */,
			);
			name = "A项目Tests";
			productName = "A项目Tests";
			productReference = 348F42131B3A8A3800ED017D /* A项目Tests.xctest */;
			productType = "com.apple.product-type.bundle.unit-test";
		};
/* End PBXNativeTarget section */

/* Begin PBXProject section */
		348F41F81B3A8A3800ED017D /* Project object */ = {
			isa = PBXProject;
			attributes = {
				LastUpgradeCheck = 0610;
				ORGANIZATIONNAME = "Feng Chunyang";
				TargetAttributes = {
					348F41FF1B3A8A3800ED017D = {
						CreatedOnToolsVersion = 6.1;
					};
					348F42121B3A8A3800ED017D = {
						CreatedOnToolsVersion = 6.1;
						TestTargetID = 348F41FF1B3A8A3800ED017D;
					};
				};
			};
			buildConfigurationList = 348F41FB1B3A8A3800ED017D /* Build configuration list for PBXProject "A项目" */;
			compatibilityVersion = "Xcode 3.2";
			developmentRegion = English;
			hasScannedForEncodings = 0;
			knownRegions = (
				en,
				Base,
			);
			mainGroup = 348F41F71B3A8A3800ED017D;
			productRefGroup = 348F42011B3A8A3800ED017D /* Products */;
			projectDirPath = "";
			projectRoot = "";
			targets = (
				348F41FF1B3A8A3800ED017D /* A项目 */,
				348F42121B3A8A3800ED017D /* A项目Tests */,
			);
		};
/* End PBXProject section */

/* Begin PBXResourcesBuildPhase section */
		348F41FE1B3A8A3800ED017D /* Resources */ = {
			isa = PBXResourcesBuildPhase;
			buildActionMask = 2147483647;
			files = (
				348F420E1B3A8A3800ED017D /* LaunchScreen.xib in Resources */,
				348F420B1B3A8A3800ED017D /* Images.xcassets in Resources */,
			);
			runOnlyForDeploymentPostprocessing = 0;
		};
		348F42111B3A8A3800ED017D /* Resources */ = {
			isa = PBXResourcesBuildPhase;
			buildActionMask = 2147483647;
			files = (
			);
			runOnlyForDeploymentPostprocessing = 0;
		};
/* End PBXResourcesBuildPhase section */

/* Begin PBXSourcesBuildPhase section */
		348F41FC1B3A8A3800ED017D /* Sources */ = {
			isa = PBXSourcesBuildPhase;
			buildActionMask = 2147483647;
			files = (
				348F42091B3A8A3800ED017D /* AppDelegate.m in Sources */,
				348F42061B3A8A3800ED017D /* main.m in Sources */,
			);
			runOnlyForDeploymentPostprocessing = 0;
		};
		348F420F1B3A8A3800ED017D /* Sources */ = {
			isa = PBXSourcesBuildPhase;
			buildActionMask = 2147483647;
			files = (
				348F421A1B3A8A3800ED017D /* A__Tests.m in Sources */,
			);
			runOnlyForDeploymentPostprocessing = 0;
		};
/* End PBXSourcesBuildPhase section */

/* Begin PBXTargetDependency section */
		348F42151B3A8A3800ED017D /* PBXTargetDependency */ = {
			isa = PBXTargetDependency;
			target = 348F41FF1B3A8A3800ED017D /* A项目 */;
			targetProxy = 348F42141B3A8A3800ED017D /* PBXContainerItemProxy */;
		};
/* End PBXTargetDependency section */

/* Begin PBXVariantGroup section */
		348F420C1B3A8A3800ED017D /* LaunchScreen.xib */ = {
			isa = PBXVariantGroup;
			children = (
				348F420D1B3A8A3800ED017D /* Base */,
			);
			name = LaunchScreen.xib;
			sourceTree = "<group>";
		};
/* End PBXVariantGroup section */

/* Begin XCBuildConfiguration section */
		348F421B1B3A8A3800ED017D /* Debug */ = {
			isa = XCBuildConfiguration;
			buildSettings = {
				ALWAYS_SEARCH_USER_PATHS = NO;
				CLANG_CXX_LANGUAGE_STANDARD = "gnu++0x";
				CLANG_CXX_LIBRARY = "libc++";
				CLANG_ENABLE_MODULES = YES;
				CLANG_ENABLE_OBJC_ARC = YES;
				CLANG_WARN_BOOL_CONVERSION = YES;
				CLANG_WARN_CONSTANT_CONVERSION = YES;
				CLANG_WARN_DIRECT_OBJC_ISA_USAGE = YES_ERROR;
				CLANG_WARN_EMPTY_BODY = YES;
				CLANG_WARN_ENUM_CONVERSION = YES;
				CLANG_WARN_INT_CONVERSION = YES;
				CLANG_WARN_OBJC_ROOT_CLASS = YES_ERROR;
				CLANG_WARN_UNREACHABLE_CODE = YES;
				CLANG_WARN__DUPLICATE_METHOD_MATCH = YES;
				"CODE_SIGN_IDENTITY[sdk=iphoneos*]" = "iPhone Developer";
				COPY_PHASE_STRIP = NO;
				ENABLE_STRICT_OBJC_MSGSEND = YES;
				GCC_C_LANGUAGE_STANDARD = gnu99;
				GCC_DYNAMIC_NO_PIC = NO;
				GCC_OPTIMIZATION_LEVEL = 0;
				GCC_PREPROCESSOR_DEFINITIONS = (
					"DEBUG=1",
					"$(inherited)",
				);
				GCC_SYMBOLS_PRIVATE_EXTERN = NO;
				GCC_WARN_64_TO_32_BIT_CONVERSION = YES;
				GCC_WARN_ABOUT_RETURN_TYPE = YES_ERROR;
				GCC_WARN_UNDECLARED_SELECTOR = YES;
				GCC_WARN_UNINITIALIZED_AUTOS = YES_AGGRESSIVE;
				GCC_WARN_UNUSED_FUNCTION = YES;
				GCC_WARN_UNUSED_VARIABLE = YES;
				IPHONEOS_DEPLOYMENT_TARGET = 8.1;
				MTL_ENABLE_DEBUG_INFO = YES;
				ONLY_ACTIVE_ARCH = YES;
				SDKROOT = iphoneos;
			};
			name = Debug;
		};
		348F421C1B3A8A3800ED017D /* Release */ = {
			isa = XCBuildConfiguration;
			buildSettings = {
				ALWAYS_SEARCH_USER_PATHS = NO;
				CLANG_CXX_LANGUAGE_STANDARD = "gnu++0x";
				CLANG_CXX_LIBRARY = "libc++";
				CLANG_ENABLE_MODULES = YES;
				CLANG_ENABLE_OBJC_ARC = YES;
				CLANG_WARN_BOOL_CONVERSION = YES;
				CLANG_WARN_CONSTANT_CONVERSION = YES;
				CLANG_WARN_DIRECT_OBJC_ISA_USAGE = YES_ERROR;
				CLANG_WARN_EMPTY_BODY = YES;
				CLANG_WARN_ENUM_CONVERSION = YES;
				CLANG_WARN_INT_CONVERSION = YES;
				CLANG_WARN_OBJC_ROOT_CLASS = YES_ERROR;
				CLANG_WARN_UNREACHABLE_CODE = YES;
				CLANG_WARN__DUPLICATE_METHOD_MATCH = YES;
				"CODE_SIGN_IDENTITY[sdk=iphoneos*]" = "iPhone Developer";
				COPY_PHASE_STRIP = YES;
				ENABLE_NS_ASSERTIONS = NO;
				ENABLE_STRICT_OBJC_MSGSEND = YES;
				GCC_C_LANGUAGE_STANDARD = gnu99;
				GCC_WARN_64_TO_32_BIT_CONVERSION = YES;
				GCC_WARN_ABOUT_RETURN_TYPE = YES_ERROR;
				GCC_WARN_UNDECLARED_SELECTOR = YES;
				GCC_WARN_UNINITIALIZED_AUTOS = YES_AGGRESSIVE;
				GCC_WARN_UNUSED_FUNCTION = YES;
				GCC_WARN_UNUSED_VARIABLE = YES;
				IPHONEOS_DEPLOYMENT_TARGET = 8.1;
				MTL_ENABLE_DEBUG_INFO = NO;
				SDKROOT = iphoneos;
				VALIDATE_PRODUCT = YES;
			};
			name = Release;
		};
		348F421E1B3A8A3800ED017D /* Debug */ = {
			isa = XCBuildConfiguration;
			buildSettings = {
				ASSETCATALOG_COMPILER_APPICON_NAME = AppIcon;
				INFOPLIST_FILE = "A项目/Info.plist";
				LD_RUNPATH_SEARCH_PATHS = "$(inherited) @executable_path/Frameworks";
				PRODUCT_NAME = "$(TARGET_NAME)";
			};
			name = Debug;
		};
		348F421F1B3A8A3800ED017D /* Release */ = {
			isa = XCBuildConfiguration;
			buildSettings = {
				ASSETCATALOG_COMPILER_APPICON_NAME = AppIcon;
				INFOPLIST_FILE = "A项目/Info.plist";
				LD_RUNPATH_SEARCH_PATHS = "$(inherited) @executable_path/Frameworks";
				PRODUCT_NAME = "$(TARGET_NAME)";
			};
			name = Release;
		};
		348F42211B3A8A3800ED017D /* Debug */ = {
			isa = XCBuildConfiguration;
			buildSettings = {
				BUNDLE_LOADER = "$(TEST_HOST)";
				FRAMEWORK_SEARCH_PATHS = (
					"$(SDKROOT)/Developer/Library/Frameworks",
					"$(inherited)",
				);
				GCC_PREPROCESSOR_DEFINITIONS = (
					"DEBUG=1",
					"$(inherited)",
				);
				INFOPLIST_FILE = "A项目Tests/Info.plist";
				LD_RUNPATH_SEARCH_PATHS = "$(inherited) @executable_path/Frameworks @loader_path/Frameworks";
				PRODUCT_NAME = "$(TARGET_NAME)";
				TEST_HOST = "$(BUILT_PRODUCTS_DIR)/A项目.app/A项目";
			};
			name = Debug;
		};
		348F42221B3A8A3800ED017D /* Release */ = {
			isa = XCBuildConfiguration;
			buildSettings = {
				BUNDLE_LOADER = "$(TEST_HOST)";
				FRAMEWORK_SEARCH_PATHS = (
					"$(SDKROOT)/Developer/Library/Frameworks",
					"$(inherited)",
				);
				INFOPLIST_FILE = "A项目Tests/Info.plist";
				LD_RUNPATH_SEARCH_PATHS = "$(inherited) @executable_path/Frameworks @loader_path/Frameworks";
				PRODUCT_NAME = "$(TARGET_NAME)";
				TEST_HOST = "$(BUILT_PRODUCTS_DIR)/A项目.app/A项目";
			};
			name = Release;
		};
/* End XCBuildConfiguration section */

/* Begin XCConfigurationList section */
		348F41FB1B3A8A3800ED017D /* Build configuration list for PBXProject "A项目" */ = {
			isa = XCConfigurationList;
			buildConfigurations = (
				348F421B1B3A8A3800ED017D /* Debug */,
				348F421C1B3A8A3800ED017D /* Release */,
			);
			defaultConfigurationIsVisible = 0;
			defaultConfigurationName = Release;
		};
		348F421D1B3A8A3800ED017D /* Build configuration list for PBXNativeTarget "A项目" */ = {
			isa = XCConfigurationList;
			buildConfigurations = (
				348F421E1B3A8A3800ED017D /* Debug */,
				348F421F1B3A8A3800ED017D /* Release */,
			);
			defaultConfigurationIsVisible = 0;
		};
		348F42201B3A8A3800ED017D /* Build configuration list for PBXNativeTarget "A项目Tests" */ = {
			isa = XCConfigurationList;
			buildConfigurations = (
				348F42211B3A8A3800ED017D /* Debug */,
				348F42221B3A8A3800ED017D /* Release */,
			);
			defaultConfigurationIsVisible = 0;
		};
/* End XCConfigurationList section */
	};
	rootObject = 348F41F81B3A8A3800ED017D /* Project object */;
}
